
Microsoft Visual Studio Solution File, Format Version 12.00
# Visual Studio Version 17
VisualStudioVersion = 17.9.34701.34
MinimumVisualStudioVersion = 10.0.40219.1
Project("{9A19103F-16F7-4668-BE54-9A1E7A4F7556}") = "ClassesMetodos", "Classes e Métodos\ClassesMetodos.csproj", "{DE166B80-3A5B-41F3-A4DC-C112B1E3D163}"
EndProject
Project("{9A19103F-16F7-4668-BE54-9A1E7A4F7556}") = "AlocacaoMemoria", "AlocacaoMemoria\AlocacaoMemoria.csproj", "{6FF15CF2-5DB1-4803-A45C-4A0DB0BA258C}"
EndProject
Project("{9A19103F-16F7-4668-BE54-9A1E7A4F7556}") = "SintaxeCriarObjeto", "SintaxeCriarObjeto\SintaxeCriarObjeto.csproj", "{E0EDA7E4-9E83-4431-A2B2-FDB210041F7C}"
EndProject
Project("{9A19103F-16F7-4668-BE54-9A1E7A4F7556}") = "Metodos", "Metodos\Metodos.csproj", "{53D0E77C-15D0-477F-8073-40D0E4BB93DA}"
EndProject
Project("{9A19103F-16F7-4668-BE54-9A1E7A4F7556}") = "3MetodosParametros", "3MetodosParametros\3MetodosParametros.csproj", "{2EFF0B17-4803-4D3A-8623-BB817082402D}"
EndProject
Project("{9A19103F-16F7-4668-BE54-9A1E7A4F7556}") = "4MetodosParametros", "4MetodosParametros\4MetodosParametros.csproj", "{2AC60114-F130-47DF-9803-8090E2CCA69A}"
EndProject
Project("{9A19103F-16F7-4668-BE54-9A1E7A4F7556}") = "Construtores I", "5Construtores\Construtores I.csproj", "{5A6516E9-EC73-45CF-8038-85F309D176A1}"
EndProject
Project("{9A19103F-16F7-4668-BE54-9A1E7A4F7556}") = "Construtores II", "Construtores II\Construtores II.csproj", "{A6CF52F7-5865-4CEF-A37F-10A8948D0385}"
EndProject
Project("{9A19103F-16F7-4668-BE54-9A1E7A4F7556}") = "PalavraThis", "PalavraThis\PalavraThis.csproj", "{D2238B22-0F61-4833-B65B-0B6A6A6597D0}"
EndProject
Project("{2150E333-8FDC-42A3-9474-1A3956D46DE8}") = "Exercicios", "Exercicios", "{D76A11B1-5CE2-4A4D-8EEE-4DD46C2250D7}"
EndProject
Project("{9A19103F-16F7-4668-BE54-9A1E7A4F7556}") = "Exercicio001A", "Exercicio001A\Exercicio001A.csproj", "{7366CDBD-1B90-4A70-B0FF-26F3166BBDD5}"
EndProject
Project("{9A19103F-16F7-4668-BE54-9A1E7A4F7556}") = "Exercicio001B", "Exercicio001B\Exercicio001B.csproj", "{037AF40D-3D33-41D8-8A2F-7DCE793994D3}"
EndProject
Project("{9A19103F-16F7-4668-BE54-9A1E7A4F7556}") = "MetodosComRetorno", "MetodosComRetorno\MetodosComRetorno.csproj", "{9C9D32BC-D155-4E45-9C69-8E0B2DF7BC69}"
EndProject
Project("{2150E333-8FDC-42A3-9474-1A3956D46DE8}") = "Prático1", "Prático1", "{1C991457-66FF-4A88-A6EA-ADDD82BDCB96}"
EndProject
Project("{2150E333-8FDC-42A3-9474-1A3956D46DE8}") = "Prático2", "Prático2", "{B08E62D8-A0C6-4C7F-90D1-6038C60C7831}"
EndProject
Project("{9A19103F-16F7-4668-BE54-9A1E7A4F7556}") = "Exercicio001G", "Exercicio001G\Exercicio001G.csproj", "{24158778-02D7-42E4-83FE-0B9E976A4EB1}"
EndProject
Project("{9A19103F-16F7-4668-BE54-9A1E7A4F7556}") = "Exercicio001I", "Exercicio001I\Exercicio001I.csproj", "{173902B8-B1F5-463D-B2A4-4199FA82FCF4}"
EndProject
Project("{9A19103F-16F7-4668-BE54-9A1E7A4F7556}") = "SobrecargaDeMetodos", "SobrecargaDeMetodos\SobrecargaDeMetodos.csproj", "{FD1BD2D5-C7B4-4710-825D-2FA2B234702D}"
EndProject
Project("{9A19103F-16F7-4668-BE54-9A1E7A4F7556}") = "Metodos_ExemploPratico", "Metodos_ExemploPratico\Metodos_ExemploPratico.csproj", "{60FCC2B5-89C2-494A-84EB-902930ACEA1C}"
EndProject
Project("{9A19103F-16F7-4668-BE54-9A1E7A4F7556}") = "PassandoArgumentosPorValor", "PassandoArgumentosPorValor\PassandoArgumentosPorValor.csproj", "{007BE821-D0AA-48C8-B993-B4C7A421CD4A}"
EndProject
Project("{9A19103F-16F7-4668-BE54-9A1E7A4F7556}") = "PassandoArgumentosPorReferencia", "PassandoArgumentosPorReferencia\PassandoArgumentosPorReferencia.csproj", "{815A1A48-7EC3-421E-B33B-619F8AC3F960}"
EndProject
Project("{2150E333-8FDC-42A3-9474-1A3956D46DE8}") = "Prático3", "Prático3", "{92CB9C73-4574-48E8-9EE0-20C495294870}"
EndProject
Project("{9A19103F-16F7-4668-BE54-9A1E7A4F7556}") = "Exercicio_L_M", "Exercicio_L\Exercicio_L_M.csproj", "{D030ACB2-8010-4838-AE74-DBA6100EF1BE}"
EndProject
Project("{9A19103F-16F7-4668-BE54-9A1E7A4F7556}") = "Exercicio_N_P", "Exercicio_N\Exercicio_N_P.csproj", "{4BFEC6C9-AC5E-474B-B195-440C115D164E}"
EndProject
Project("{9A19103F-16F7-4668-BE54-9A1E7A4F7556}") = "PassagemParametrosReferenciaOut", "PassagemParametrosReferenciaOut\PassagemParametrosReferenciaOut.csproj", "{B574B5FF-7B4C-42F0-A29A-ACE10FCF9641}"
EndProject
Project("{2150E333-8FDC-42A3-9474-1A3956D46DE8}") = "Prático4", "Prático4", "{DCA9CE05-7A65-4588-952A-5E09FF2BCCBF}"
EndProject
Project("{9A19103F-16F7-4668-BE54-9A1E7A4F7556}") = "ExerciciosR_S", "ExerciciosR_S\ExerciciosR_S.csproj", "{916D914D-DBA5-4327-8DC6-C033994A0223}"
EndProject
Project("{9A19103F-16F7-4668-BE54-9A1E7A4F7556}") = "ArgumentosNomeados", "ArgumentosNomeados\ArgumentosNomeados.csproj", "{F6171BB2-CCBC-45A1-A4CA-7261386D0A80}"
EndProject
Project("{9A19103F-16F7-4668-BE54-9A1E7A4F7556}") = "ParametrosOpcionais", "ParametrosOpcionais\ParametrosOpcionais.csproj", "{11DFB62A-02E6-4DFA-AA79-39AE4EDF6242}"
EndProject
Project("{2150E333-8FDC-42A3-9474-1A3956D46DE8}") = "Prático5", "Prático5", "{B202C2FA-746D-4AAA-A0A9-4742909F4E1B}"
EndProject
Project("{9A19103F-16F7-4668-BE54-9A1E7A4F7556}") = "ExercícioT_U_V", "ExercícioT_U_V\ExercícioT_U_V.csproj", "{405C86DD-2D3F-420E-BE2C-92F99DAE0C30}"
EndProject
Project("{9A19103F-16F7-4668-BE54-9A1E7A4F7556}") = "MetodosEstaticos", "MetodosEstaticos\MetodosEstaticos.csproj", "{350A60B8-F6E7-4C40-B86A-AAB47E3D5935}"
EndProject
Project("{9A19103F-16F7-4668-BE54-9A1E7A4F7556}") = "CamposEstaticos", "CamposEstaticos\CamposEstaticos.csproj", "{D8BECC23-A1F6-4775-A46E-2B851DACB3C7}"
EndProject
Project("{9A19103F-16F7-4668-BE54-9A1E7A4F7556}") = "CamposEstáticosExercicio", "CamposEstáticosExercicio\CamposEstáticosExercicio.csproj", "{CAB0564C-5CD8-428B-8207-35243B6B2246}"
EndProject
Project("{2150E333-8FDC-42A3-9474-1A3956D46DE8}") = "Prático6", "Prático6", "{D5B051F8-E224-4CC9-A62A-42392E86F604}"
EndProject
Project("{9A19103F-16F7-4668-BE54-9A1E7A4F7556}") = "ExerciciosX_Y_Z", "ExerciciosX_Y_Z\ExerciciosX_Y_Z.csproj", "{32195C5A-A7FB-4ED7-B14B-4B9760FB99FB}"
EndProject
Project("{9A19103F-16F7-4668-BE54-9A1E7A4F7556}") = "ConstrutorEstático", "ConstrutorEstático\ConstrutorEstático.csproj", "{299E0D90-2106-4643-9EB8-403A57EC0561}"
EndProject
Project("{9A19103F-16F7-4668-BE54-9A1E7A4F7556}") = "ExercicioPraticoPropriedades", "ExercicioPraticoPropriedades\ExercicioPraticoPropriedades.csproj", "{EE2D0DC5-756F-424D-B2A0-659CC25D62B6}"
EndProject
Project("{2150E333-8FDC-42A3-9474-1A3956D46DE8}") = "Prático7", "Prático7", "{70198381-7808-4B99-9797-47513EB59C70}"
EndProject
Project("{9A19103F-16F7-4668-BE54-9A1E7A4F7556}") = "ExericiociosW_W1_W2", "ExericiociosW_W1_W2\ExericiociosW_W1_W2.csproj", "{4EDE9EEC-30CD-484A-8A5C-F87902410272}"
EndProject
Project("{9A19103F-16F7-4668-BE54-9A1E7A4F7556}") = "Structs", "Structs\Structs.csproj", "{1C8B2C34-1576-43BE-B9E2-1BFB8C0E6370}"
EndProject
Project("{2150E333-8FDC-42A3-9474-1A3956D46DE8}") = "Prático8", "Prático8", "{266258B7-991E-46DC-973D-9C8494E7FE77}"
EndProject
Project("{9A19103F-16F7-4668-BE54-9A1E7A4F7556}") = "ExerciciosW3_W4_W5_W6_W7_W8", "ExerciciosW3_W4_W5_W6_W7_W8\ExerciciosW3_W4_W5_W6_W7_W8.csproj", "{5D391717-8200-4B02-B091-09F73D9AB76E}"
EndProject
Project("{FAE04EC0-301F-11D3-BF4B-00C04F79EFBC}") = "Enum", "Enum\Enum.csproj", "{3FB7E4AD-2CEB-42FC-AA5F-6420102FAA16}"
EndProject
Project("{2150E333-8FDC-42A3-9474-1A3956D46DE8}") = "Prático9", "Prático9", "{7F02B35C-9A1E-49FC-9F44-371087E702A5}"
EndProject
Project("{FAE04EC0-301F-11D3-BF4B-00C04F79EFBC}") = "Exercicio9", "Exercicio9\Exercicio9.csproj", "{5775EE48-A755-4395-83BD-F9AFD246130D}"
EndProject
Global
	GlobalSection(SolutionConfigurationPlatforms) = preSolution
		Debug|Any CPU = Debug|Any CPU
		Release|Any CPU = Release|Any CPU
	EndGlobalSection
	GlobalSection(ProjectConfigurationPlatforms) = postSolution
		{DE166B80-3A5B-41F3-A4DC-C112B1E3D163}.Debug|Any CPU.ActiveCfg = Debug|Any CPU
		{DE166B80-3A5B-41F3-A4DC-C112B1E3D163}.Debug|Any CPU.Build.0 = Debug|Any CPU
		{DE166B80-3A5B-41F3-A4DC-C112B1E3D163}.Release|Any CPU.ActiveCfg = Release|Any CPU
		{DE166B80-3A5B-41F3-A4DC-C112B1E3D163}.Release|Any CPU.Build.0 = Release|Any CPU
		{6FF15CF2-5DB1-4803-A45C-4A0DB0BA258C}.Debug|Any CPU.ActiveCfg = Debug|Any CPU
		{6FF15CF2-5DB1-4803-A45C-4A0DB0BA258C}.Debug|Any CPU.Build.0 = Debug|Any CPU
		{6FF15CF2-5DB1-4803-A45C-4A0DB0BA258C}.Release|Any CPU.ActiveCfg = Release|Any CPU
		{6FF15CF2-5DB1-4803-A45C-4A0DB0BA258C}.Release|Any CPU.Build.0 = Release|Any CPU
		{E0EDA7E4-9E83-4431-A2B2-FDB210041F7C}.Debug|Any CPU.ActiveCfg = Debug|Any CPU
		{E0EDA7E4-9E83-4431-A2B2-FDB210041F7C}.Debug|Any CPU.Build.0 = Debug|Any CPU
		{E0EDA7E4-9E83-4431-A2B2-FDB210041F7C}.Release|Any CPU.ActiveCfg = Release|Any CPU
		{E0EDA7E4-9E83-4431-A2B2-FDB210041F7C}.Release|Any CPU.Build.0 = Release|Any CPU
		{53D0E77C-15D0-477F-8073-40D0E4BB93DA}.Debug|Any CPU.ActiveCfg = Debug|Any CPU
		{53D0E77C-15D0-477F-8073-40D0E4BB93DA}.Debug|Any CPU.Build.0 = Debug|Any CPU
		{53D0E77C-15D0-477F-8073-40D0E4BB93DA}.Release|Any CPU.ActiveCfg = Release|Any CPU
		{53D0E77C-15D0-477F-8073-40D0E4BB93DA}.Release|Any CPU.Build.0 = Release|Any CPU
		{2EFF0B17-4803-4D3A-8623-BB817082402D}.Debug|Any CPU.ActiveCfg = Debug|Any CPU
		{2EFF0B17-4803-4D3A-8623-BB817082402D}.Debug|Any CPU.Build.0 = Debug|Any CPU
		{2EFF0B17-4803-4D3A-8623-BB817082402D}.Release|Any CPU.ActiveCfg = Release|Any CPU
		{2EFF0B17-4803-4D3A-8623-BB817082402D}.Release|Any CPU.Build.0 = Release|Any CPU
		{2AC60114-F130-47DF-9803-8090E2CCA69A}.Debug|Any CPU.ActiveCfg = Debug|Any CPU
		{2AC60114-F130-47DF-9803-8090E2CCA69A}.Debug|Any CPU.Build.0 = Debug|Any CPU
		{2AC60114-F130-47DF-9803-8090E2CCA69A}.Release|Any CPU.ActiveCfg = Release|Any CPU
		{2AC60114-F130-47DF-9803-8090E2CCA69A}.Release|Any CPU.Build.0 = Release|Any CPU
		{5A6516E9-EC73-45CF-8038-85F309D176A1}.Debug|Any CPU.ActiveCfg = Debug|Any CPU
		{5A6516E9-EC73-45CF-8038-85F309D176A1}.Debug|Any CPU.Build.0 = Debug|Any CPU
		{5A6516E9-EC73-45CF-8038-85F309D176A1}.Release|Any CPU.ActiveCfg = Release|Any CPU
		{5A6516E9-EC73-45CF-8038-85F309D176A1}.Release|Any CPU.Build.0 = Release|Any CPU
		{A6CF52F7-5865-4CEF-A37F-10A8948D0385}.Debug|Any CPU.ActiveCfg = Debug|Any CPU
		{A6CF52F7-5865-4CEF-A37F-10A8948D0385}.Debug|Any CPU.Build.0 = Debug|Any CPU
		{A6CF52F7-5865-4CEF-A37F-10A8948D0385}.Release|Any CPU.ActiveCfg = Release|Any CPU
		{A6CF52F7-5865-4CEF-A37F-10A8948D0385}.Release|Any CPU.Build.0 = Release|Any CPU
		{D2238B22-0F61-4833-B65B-0B6A6A6597D0}.Debug|Any CPU.ActiveCfg = Debug|Any CPU
		{D2238B22-0F61-4833-B65B-0B6A6A6597D0}.Debug|Any CPU.Build.0 = Debug|Any CPU
		{D2238B22-0F61-4833-B65B-0B6A6A6597D0}.Release|Any CPU.ActiveCfg = Release|Any CPU
		{D2238B22-0F61-4833-B65B-0B6A6A6597D0}.Release|Any CPU.Build.0 = Release|Any CPU
		{7366CDBD-1B90-4A70-B0FF-26F3166BBDD5}.Debug|Any CPU.ActiveCfg = Debug|Any CPU
		{7366CDBD-1B90-4A70-B0FF-26F3166BBDD5}.Debug|Any CPU.Build.0 = Debug|Any CPU
		{7366CDBD-1B90-4A70-B0FF-26F3166BBDD5}.Release|Any CPU.ActiveCfg = Release|Any CPU
		{7366CDBD-1B90-4A70-B0FF-26F3166BBDD5}.Release|Any CPU.Build.0 = Release|Any CPU
		{037AF40D-3D33-41D8-8A2F-7DCE793994D3}.Debug|Any CPU.ActiveCfg = Debug|Any CPU
		{037AF40D-3D33-41D8-8A2F-7DCE793994D3}.Debug|Any CPU.Build.0 = Debug|Any CPU
		{037AF40D-3D33-41D8-8A2F-7DCE793994D3}.Release|Any CPU.ActiveCfg = Release|Any CPU
		{037AF40D-3D33-41D8-8A2F-7DCE793994D3}.Release|Any CPU.Build.0 = Release|Any CPU
		{9C9D32BC-D155-4E45-9C69-8E0B2DF7BC69}.Debug|Any CPU.ActiveCfg = Debug|Any CPU
		{9C9D32BC-D155-4E45-9C69-8E0B2DF7BC69}.Debug|Any CPU.Build.0 = Debug|Any CPU
		{9C9D32BC-D155-4E45-9C69-8E0B2DF7BC69}.Release|Any CPU.ActiveCfg = Release|Any CPU
		{9C9D32BC-D155-4E45-9C69-8E0B2DF7BC69}.Release|Any CPU.Build.0 = Release|Any CPU
		{24158778-02D7-42E4-83FE-0B9E976A4EB1}.Debug|Any CPU.ActiveCfg = Debug|Any CPU
		{24158778-02D7-42E4-83FE-0B9E976A4EB1}.Debug|Any CPU.Build.0 = Debug|Any CPU
		{24158778-02D7-42E4-83FE-0B9E976A4EB1}.Release|Any CPU.ActiveCfg = Release|Any CPU
		{24158778-02D7-42E4-83FE-0B9E976A4EB1}.Release|Any CPU.Build.0 = Release|Any CPU
		{173902B8-B1F5-463D-B2A4-4199FA82FCF4}.Debug|Any CPU.ActiveCfg = Debug|Any CPU
		{173902B8-B1F5-463D-B2A4-4199FA82FCF4}.Debug|Any CPU.Build.0 = Debug|Any CPU
		{173902B8-B1F5-463D-B2A4-4199FA82FCF4}.Release|Any CPU.ActiveCfg = Release|Any CPU
		{173902B8-B1F5-463D-B2A4-4199FA82FCF4}.Release|Any CPU.Build.0 = Release|Any CPU
		{FD1BD2D5-C7B4-4710-825D-2FA2B234702D}.Debug|Any CPU.ActiveCfg = Debug|Any CPU
		{FD1BD2D5-C7B4-4710-825D-2FA2B234702D}.Debug|Any CPU.Build.0 = Debug|Any CPU
		{FD1BD2D5-C7B4-4710-825D-2FA2B234702D}.Release|Any CPU.ActiveCfg = Release|Any CPU
		{FD1BD2D5-C7B4-4710-825D-2FA2B234702D}.Release|Any CPU.Build.0 = Release|Any CPU
		{60FCC2B5-89C2-494A-84EB-902930ACEA1C}.Debug|Any CPU.ActiveCfg = Debug|Any CPU
		{60FCC2B5-89C2-494A-84EB-902930ACEA1C}.Debug|Any CPU.Build.0 = Debug|Any CPU
		{60FCC2B5-89C2-494A-84EB-902930ACEA1C}.Release|Any CPU.ActiveCfg = Release|Any CPU
		{60FCC2B5-89C2-494A-84EB-902930ACEA1C}.Release|Any CPU.Build.0 = Release|Any CPU
		{007BE821-D0AA-48C8-B993-B4C7A421CD4A}.Debug|Any CPU.ActiveCfg = Debug|Any CPU
		{007BE821-D0AA-48C8-B993-B4C7A421CD4A}.Debug|Any CPU.Build.0 = Debug|Any CPU
		{007BE821-D0AA-48C8-B993-B4C7A421CD4A}.Release|Any CPU.ActiveCfg = Release|Any CPU
		{007BE821-D0AA-48C8-B993-B4C7A421CD4A}.Release|Any CPU.Build.0 = Release|Any CPU
		{815A1A48-7EC3-421E-B33B-619F8AC3F960}.Debug|Any CPU.ActiveCfg = Debug|Any CPU
		{815A1A48-7EC3-421E-B33B-619F8AC3F960}.Debug|Any CPU.Build.0 = Debug|Any CPU
		{815A1A48-7EC3-421E-B33B-619F8AC3F960}.Release|Any CPU.ActiveCfg = Release|Any CPU
		{815A1A48-7EC3-421E-B33B-619F8AC3F960}.Release|Any CPU.Build.0 = Release|Any CPU
		{D030ACB2-8010-4838-AE74-DBA6100EF1BE}.Debug|Any CPU.ActiveCfg = Debug|Any CPU
		{D030ACB2-8010-4838-AE74-DBA6100EF1BE}.Debug|Any CPU.Build.0 = Debug|Any CPU
		{D030ACB2-8010-4838-AE74-DBA6100EF1BE}.Release|Any CPU.ActiveCfg = Release|Any CPU
		{D030ACB2-8010-4838-AE74-DBA6100EF1BE}.Release|Any CPU.Build.0 = Release|Any CPU
		{4BFEC6C9-AC5E-474B-B195-440C115D164E}.Debug|Any CPU.ActiveCfg = Debug|Any CPU
		{4BFEC6C9-AC5E-474B-B195-440C115D164E}.Debug|Any CPU.Build.0 = Debug|Any CPU
		{4BFEC6C9-AC5E-474B-B195-440C115D164E}.Release|Any CPU.ActiveCfg = Release|Any CPU
		{4BFEC6C9-AC5E-474B-B195-440C115D164E}.Release|Any CPU.Build.0 = Release|Any CPU
		{B574B5FF-7B4C-42F0-A29A-ACE10FCF9641}.Debug|Any CPU.ActiveCfg = Debug|Any CPU
		{B574B5FF-7B4C-42F0-A29A-ACE10FCF9641}.Debug|Any CPU.Build.0 = Debug|Any CPU
		{B574B5FF-7B4C-42F0-A29A-ACE10FCF9641}.Release|Any CPU.ActiveCfg = Release|Any CPU
		{B574B5FF-7B4C-42F0-A29A-ACE10FCF9641}.Release|Any CPU.Build.0 = Release|Any CPU
		{916D914D-DBA5-4327-8DC6-C033994A0223}.Debug|Any CPU.ActiveCfg = Debug|Any CPU
		{916D914D-DBA5-4327-8DC6-C033994A0223}.Debug|Any CPU.Build.0 = Debug|Any CPU
		{916D914D-DBA5-4327-8DC6-C033994A0223}.Release|Any CPU.ActiveCfg = Release|Any CPU
		{916D914D-DBA5-4327-8DC6-C033994A0223}.Release|Any CPU.Build.0 = Release|Any CPU
		{F6171BB2-CCBC-45A1-A4CA-7261386D0A80}.Debug|Any CPU.ActiveCfg = Debug|Any CPU
		{F6171BB2-CCBC-45A1-A4CA-7261386D0A80}.Debug|Any CPU.Build.0 = Debug|Any CPU
		{F6171BB2-CCBC-45A1-A4CA-7261386D0A80}.Release|Any CPU.ActiveCfg = Release|Any CPU
		{F6171BB2-CCBC-45A1-A4CA-7261386D0A80}.Release|Any CPU.Build.0 = Release|Any CPU
		{11DFB62A-02E6-4DFA-AA79-39AE4EDF6242}.Debug|Any CPU.ActiveCfg = Debug|Any CPU
		{11DFB62A-02E6-4DFA-AA79-39AE4EDF6242}.Debug|Any CPU.Build.0 = Debug|Any CPU
		{11DFB62A-02E6-4DFA-AA79-39AE4EDF6242}.Release|Any CPU.ActiveCfg = Release|Any CPU
		{11DFB62A-02E6-4DFA-AA79-39AE4EDF6242}.Release|Any CPU.Build.0 = Release|Any CPU
		{405C86DD-2D3F-420E-BE2C-92F99DAE0C30}.Debug|Any CPU.ActiveCfg = Debug|Any CPU
		{405C86DD-2D3F-420E-BE2C-92F99DAE0C30}.Debug|Any CPU.Build.0 = Debug|Any CPU
		{405C86DD-2D3F-420E-BE2C-92F99DAE0C30}.Release|Any CPU.ActiveCfg = Release|Any CPU
		{405C86DD-2D3F-420E-BE2C-92F99DAE0C30}.Release|Any CPU.Build.0 = Release|Any CPU
		{350A60B8-F6E7-4C40-B86A-AAB47E3D5935}.Debug|Any CPU.ActiveCfg = Debug|Any CPU
		{350A60B8-F6E7-4C40-B86A-AAB47E3D5935}.Debug|Any CPU.Build.0 = Debug|Any CPU
		{350A60B8-F6E7-4C40-B86A-AAB47E3D5935}.Release|Any CPU.ActiveCfg = Release|Any CPU
		{350A60B8-F6E7-4C40-B86A-AAB47E3D5935}.Release|Any CPU.Build.0 = Release|Any CPU
		{D8BECC23-A1F6-4775-A46E-2B851DACB3C7}.Debug|Any CPU.ActiveCfg = Debug|Any CPU
		{D8BECC23-A1F6-4775-A46E-2B851DACB3C7}.Debug|Any CPU.Build.0 = Debug|Any CPU
		{D8BECC23-A1F6-4775-A46E-2B851DACB3C7}.Release|Any CPU.ActiveCfg = Release|Any CPU
		{D8BECC23-A1F6-4775-A46E-2B851DACB3C7}.Release|Any CPU.Build.0 = Release|Any CPU
		{CAB0564C-5CD8-428B-8207-35243B6B2246}.Debug|Any CPU.ActiveCfg = Debug|Any CPU
		{CAB0564C-5CD8-428B-8207-35243B6B2246}.Debug|Any CPU.Build.0 = Debug|Any CPU
		{CAB0564C-5CD8-428B-8207-35243B6B2246}.Release|Any CPU.ActiveCfg = Release|Any CPU
		{CAB0564C-5CD8-428B-8207-35243B6B2246}.Release|Any CPU.Build.0 = Release|Any CPU
		{32195C5A-A7FB-4ED7-B14B-4B9760FB99FB}.Debug|Any CPU.ActiveCfg = Debug|Any CPU
		{32195C5A-A7FB-4ED7-B14B-4B9760FB99FB}.Debug|Any CPU.Build.0 = Debug|Any CPU
		{32195C5A-A7FB-4ED7-B14B-4B9760FB99FB}.Release|Any CPU.ActiveCfg = Release|Any CPU
		{32195C5A-A7FB-4ED7-B14B-4B9760FB99FB}.Release|Any CPU.Build.0 = Release|Any CPU
		{299E0D90-2106-4643-9EB8-403A57EC0561}.Debug|Any CPU.ActiveCfg = Debug|Any CPU
		{299E0D90-2106-4643-9EB8-403A57EC0561}.Debug|Any CPU.Build.0 = Debug|Any CPU
		{299E0D90-2106-4643-9EB8-403A57EC0561}.Release|Any CPU.ActiveCfg = Release|Any CPU
		{299E0D90-2106-4643-9EB8-403A57EC0561}.Release|Any CPU.Build.0 = Release|Any CPU
		{EE2D0DC5-756F-424D-B2A0-659CC25D62B6}.Debug|Any CPU.ActiveCfg = Debug|Any CPU
		{EE2D0DC5-756F-424D-B2A0-659CC25D62B6}.Debug|Any CPU.Build.0 = Debug|Any CPU
		{EE2D0DC5-756F-424D-B2A0-659CC25D62B6}.Release|Any CPU.ActiveCfg = Release|Any CPU
		{EE2D0DC5-756F-424D-B2A0-659CC25D62B6}.Release|Any CPU.Build.0 = Release|Any CPU
		{4EDE9EEC-30CD-484A-8A5C-F87902410272}.Debug|Any CPU.ActiveCfg = Debug|Any CPU
		{4EDE9EEC-30CD-484A-8A5C-F87902410272}.Debug|Any CPU.Build.0 = Debug|Any CPU
		{4EDE9EEC-30CD-484A-8A5C-F87902410272}.Release|Any CPU.ActiveCfg = Release|Any CPU
		{4EDE9EEC-30CD-484A-8A5C-F87902410272}.Release|Any CPU.Build.0 = Release|Any CPU
		{1C8B2C34-1576-43BE-B9E2-1BFB8C0E6370}.Debug|Any CPU.ActiveCfg = Debug|Any CPU
		{1C8B2C34-1576-43BE-B9E2-1BFB8C0E6370}.Debug|Any CPU.Build.0 = Debug|Any CPU
		{1C8B2C34-1576-43BE-B9E2-1BFB8C0E6370}.Release|Any CPU.ActiveCfg = Release|Any CPU
		{1C8B2C34-1576-43BE-B9E2-1BFB8C0E6370}.Release|Any CPU.Build.0 = Release|Any CPU
		{5D391717-8200-4B02-B091-09F73D9AB76E}.Debug|Any CPU.ActiveCfg = Debug|Any CPU
		{5D391717-8200-4B02-B091-09F73D9AB76E}.Debug|Any CPU.Build.0 = Debug|Any CPU
		{5D391717-8200-4B02-B091-09F73D9AB76E}.Release|Any CPU.ActiveCfg = Release|Any CPU
		{5D391717-8200-4B02-B091-09F73D9AB76E}.Release|Any CPU.Build.0 = Release|Any CPU
		{3FB7E4AD-2CEB-42FC-AA5F-6420102FAA16}.Debug|Any CPU.ActiveCfg = Debug|Any CPU
		{3FB7E4AD-2CEB-42FC-AA5F-6420102FAA16}.Debug|Any CPU.Build.0 = Debug|Any CPU
		{3FB7E4AD-2CEB-42FC-AA5F-6420102FAA16}.Release|Any CPU.ActiveCfg = Release|Any CPU
		{3FB7E4AD-2CEB-42FC-AA5F-6420102FAA16}.Release|Any CPU.Build.0 = Release|Any CPU
		{5775EE48-A755-4395-83BD-F9AFD246130D}.Debug|Any CPU.ActiveCfg = Debug|Any CPU
		{5775EE48-A755-4395-83BD-F9AFD246130D}.Debug|Any CPU.Build.0 = Debug|Any CPU
		{5775EE48-A755-4395-83BD-F9AFD246130D}.Release|Any CPU.ActiveCfg = Release|Any CPU
		{5775EE48-A755-4395-83BD-F9AFD246130D}.Release|Any CPU.Build.0 = Release|Any CPU
	EndGlobalSection
	GlobalSection(SolutionProperties) = preSolution
		HideSolutionNode = FALSE
	EndGlobalSection
	GlobalSection(NestedProjects) = preSolution
		{7366CDBD-1B90-4A70-B0FF-26F3166BBDD5} = {1C991457-66FF-4A88-A6EA-ADDD82BDCB96}
		{037AF40D-3D33-41D8-8A2F-7DCE793994D3} = {1C991457-66FF-4A88-A6EA-ADDD82BDCB96}
		{1C991457-66FF-4A88-A6EA-ADDD82BDCB96} = {D76A11B1-5CE2-4A4D-8EEE-4DD46C2250D7}
		{B08E62D8-A0C6-4C7F-90D1-6038C60C7831} = {D76A11B1-5CE2-4A4D-8EEE-4DD46C2250D7}
		{24158778-02D7-42E4-83FE-0B9E976A4EB1} = {B08E62D8-A0C6-4C7F-90D1-6038C60C7831}
		{173902B8-B1F5-463D-B2A4-4199FA82FCF4} = {B08E62D8-A0C6-4C7F-90D1-6038C60C7831}
		{92CB9C73-4574-48E8-9EE0-20C495294870} = {D76A11B1-5CE2-4A4D-8EEE-4DD46C2250D7}
		{D030ACB2-8010-4838-AE74-DBA6100EF1BE} = {92CB9C73-4574-48E8-9EE0-20C495294870}
		{4BFEC6C9-AC5E-474B-B195-440C115D164E} = {92CB9C73-4574-48E8-9EE0-20C495294870}
		{DCA9CE05-7A65-4588-952A-5E09FF2BCCBF} = {D76A11B1-5CE2-4A4D-8EEE-4DD46C2250D7}
		{916D914D-DBA5-4327-8DC6-C033994A0223} = {DCA9CE05-7A65-4588-952A-5E09FF2BCCBF}
		{B202C2FA-746D-4AAA-A0A9-4742909F4E1B} = {D76A11B1-5CE2-4A4D-8EEE-4DD46C2250D7}
		{405C86DD-2D3F-420E-BE2C-92F99DAE0C30} = {B202C2FA-746D-4AAA-A0A9-4742909F4E1B}
		{D5B051F8-E224-4CC9-A62A-42392E86F604} = {D76A11B1-5CE2-4A4D-8EEE-4DD46C2250D7}
		{32195C5A-A7FB-4ED7-B14B-4B9760FB99FB} = {D5B051F8-E224-4CC9-A62A-42392E86F604}
		{70198381-7808-4B99-9797-47513EB59C70} = {D76A11B1-5CE2-4A4D-8EEE-4DD46C2250D7}
		{4EDE9EEC-30CD-484A-8A5C-F87902410272} = {70198381-7808-4B99-9797-47513EB59C70}
		{266258B7-991E-46DC-973D-9C8494E7FE77} = {D76A11B1-5CE2-4A4D-8EEE-4DD46C2250D7}
		{5D391717-8200-4B02-B091-09F73D9AB76E} = {266258B7-991E-46DC-973D-9C8494E7FE77}
		{7F02B35C-9A1E-49FC-9F44-371087E702A5} = {D76A11B1-5CE2-4A4D-8EEE-4DD46C2250D7}
		{5775EE48-A755-4395-83BD-F9AFD246130D} = {7F02B35C-9A1E-49FC-9F44-371087E702A5}
	EndGlobalSection
	GlobalSection(ExtensibilityGlobals) = postSolution
		SolutionGuid = {9CE04174-CFB3-4DB2-8DA0-F1F9AE81D0AF}
	EndGlobalSection
EndGlobal
