
Microsoft Visual Studio Solution File, Format Version 12.00
# Visual Studio Version 17
VisualStudioVersion = 17.9.34701.34
MinimumVisualStudioVersion = 10.0.40219.1
Project("{9A19103F-16F7-4668-BE54-9A1E7A4F7556}") = "ClassesMetodos", "Classes e Métodos\ClassesMetodos.csproj", "{DE166B80-3A5B-41F3-A4DC-C112B1E3D163}"
EndProject
Project("{9A19103F-16F7-4668-BE54-9A1E7A4F7556}") = "AlocacaoMemoria", "AlocacaoMemoria\AlocacaoMemoria.csproj", "{6FF15CF2-5DB1-4803-A45C-4A0DB0BA258C}"
EndProject
Project("{9A19103F-16F7-4668-BE54-9A1E7A4F7556}") = "SintaxeCriarObjeto", "SintaxeCriarObjeto\SintaxeCriarObjeto.csproj", "{E0EDA7E4-9E83-4431-A2B2-FDB210041F7C}"
EndProject
Project("{9A19103F-16F7-4668-BE54-9A1E7A4F7556}") = "Metodos", "Metodos\Metodos.csproj", "{53D0E77C-15D0-477F-8073-40D0E4BB93DA}"
EndProject
Project("{9A19103F-16F7-4668-BE54-9A1E7A4F7556}") = "3MetodosParametros", "3MetodosParametros\3MetodosParametros.csproj", "{2EFF0B17-4803-4D3A-8623-BB817082402D}"
EndProject
Project("{9A19103F-16F7-4668-BE54-9A1E7A4F7556}") = "4MetodosParametros", "4MetodosParametros\4MetodosParametros.csproj", "{2AC60114-F130-47DF-9803-8090E2CCA69A}"
EndProject
Project("{9A19103F-16F7-4668-BE54-9A1E7A4F7556}") = "Construtores I", "5Construtores\Construtores I.csproj", "{5A6516E9-EC73-45CF-8038-85F309D176A1}"
EndProject
Project("{9A19103F-16F7-4668-BE54-9A1E7A4F7556}") = "Construtores II", "Construtores II\Construtores II.csproj", "{A6CF52F7-5865-4CEF-A37F-10A8948D0385}"
EndProject
Project("{FAE04EC0-301F-11D3-BF4B-00C04F79EFBC}") = "PalavraThis", "PalavraThis\PalavraThis.csproj", "{D2238B22-0F61-4833-B65B-0B6A6A6597D0}"
EndProject
Project("{2150E333-8FDC-42A3-9474-1A3956D46DE8}") = "Exercicios", "Exercicios", "{D76A11B1-5CE2-4A4D-8EEE-4DD46C2250D7}"
EndProject
Project("{FAE04EC0-301F-11D3-BF4B-00C04F79EFBC}") = "Exercicio001A", "Exercicio001A\Exercicio001A.csproj", "{7366CDBD-1B90-4A70-B0FF-26F3166BBDD5}"
EndProject
Project("{FAE04EC0-301F-11D3-BF4B-00C04F79EFBC}") = "Exercicio001B", "Exercicio001B\Exercicio001B.csproj", "{037AF40D-3D33-41D8-8A2F-7DCE793994D3}"
EndProject
Global
	GlobalSection(SolutionConfigurationPlatforms) = preSolution
		Debug|Any CPU = Debug|Any CPU
		Release|Any CPU = Release|Any CPU
	EndGlobalSection
	GlobalSection(ProjectConfigurationPlatforms) = postSolution
		{DE166B80-3A5B-41F3-A4DC-C112B1E3D163}.Debug|Any CPU.ActiveCfg = Debug|Any CPU
		{DE166B80-3A5B-41F3-A4DC-C112B1E3D163}.Debug|Any CPU.Build.0 = Debug|Any CPU
		{DE166B80-3A5B-41F3-A4DC-C112B1E3D163}.Release|Any CPU.ActiveCfg = Release|Any CPU
		{DE166B80-3A5B-41F3-A4DC-C112B1E3D163}.Release|Any CPU.Build.0 = Release|Any CPU
		{6FF15CF2-5DB1-4803-A45C-4A0DB0BA258C}.Debug|Any CPU.ActiveCfg = Debug|Any CPU
		{6FF15CF2-5DB1-4803-A45C-4A0DB0BA258C}.Debug|Any CPU.Build.0 = Debug|Any CPU
		{6FF15CF2-5DB1-4803-A45C-4A0DB0BA258C}.Release|Any CPU.ActiveCfg = Release|Any CPU
		{6FF15CF2-5DB1-4803-A45C-4A0DB0BA258C}.Release|Any CPU.Build.0 = Release|Any CPU
		{E0EDA7E4-9E83-4431-A2B2-FDB210041F7C}.Debug|Any CPU.ActiveCfg = Debug|Any CPU
		{E0EDA7E4-9E83-4431-A2B2-FDB210041F7C}.Debug|Any CPU.Build.0 = Debug|Any CPU
		{E0EDA7E4-9E83-4431-A2B2-FDB210041F7C}.Release|Any CPU.ActiveCfg = Release|Any CPU
		{E0EDA7E4-9E83-4431-A2B2-FDB210041F7C}.Release|Any CPU.Build.0 = Release|Any CPU
		{53D0E77C-15D0-477F-8073-40D0E4BB93DA}.Debug|Any CPU.ActiveCfg = Debug|Any CPU
		{53D0E77C-15D0-477F-8073-40D0E4BB93DA}.Debug|Any CPU.Build.0 = Debug|Any CPU
		{53D0E77C-15D0-477F-8073-40D0E4BB93DA}.Release|Any CPU.ActiveCfg = Release|Any CPU
		{53D0E77C-15D0-477F-8073-40D0E4BB93DA}.Release|Any CPU.Build.0 = Release|Any CPU
		{2EFF0B17-4803-4D3A-8623-BB817082402D}.Debug|Any CPU.ActiveCfg = Debug|Any CPU
		{2EFF0B17-4803-4D3A-8623-BB817082402D}.Debug|Any CPU.Build.0 = Debug|Any CPU
		{2EFF0B17-4803-4D3A-8623-BB817082402D}.Release|Any CPU.ActiveCfg = Release|Any CPU
		{2EFF0B17-4803-4D3A-8623-BB817082402D}.Release|Any CPU.Build.0 = Release|Any CPU
		{2AC60114-F130-47DF-9803-8090E2CCA69A}.Debug|Any CPU.ActiveCfg = Debug|Any CPU
		{2AC60114-F130-47DF-9803-8090E2CCA69A}.Debug|Any CPU.Build.0 = Debug|Any CPU
		{2AC60114-F130-47DF-9803-8090E2CCA69A}.Release|Any CPU.ActiveCfg = Release|Any CPU
		{2AC60114-F130-47DF-9803-8090E2CCA69A}.Release|Any CPU.Build.0 = Release|Any CPU
		{5A6516E9-EC73-45CF-8038-85F309D176A1}.Debug|Any CPU.ActiveCfg = Debug|Any CPU
		{5A6516E9-EC73-45CF-8038-85F309D176A1}.Debug|Any CPU.Build.0 = Debug|Any CPU
		{5A6516E9-EC73-45CF-8038-85F309D176A1}.Release|Any CPU.ActiveCfg = Release|Any CPU
		{5A6516E9-EC73-45CF-8038-85F309D176A1}.Release|Any CPU.Build.0 = Release|Any CPU
		{A6CF52F7-5865-4CEF-A37F-10A8948D0385}.Debug|Any CPU.ActiveCfg = Debug|Any CPU
		{A6CF52F7-5865-4CEF-A37F-10A8948D0385}.Debug|Any CPU.Build.0 = Debug|Any CPU
		{A6CF52F7-5865-4CEF-A37F-10A8948D0385}.Release|Any CPU.ActiveCfg = Release|Any CPU
		{A6CF52F7-5865-4CEF-A37F-10A8948D0385}.Release|Any CPU.Build.0 = Release|Any CPU
		{D2238B22-0F61-4833-B65B-0B6A6A6597D0}.Debug|Any CPU.ActiveCfg = Debug|Any CPU
		{D2238B22-0F61-4833-B65B-0B6A6A6597D0}.Debug|Any CPU.Build.0 = Debug|Any CPU
		{D2238B22-0F61-4833-B65B-0B6A6A6597D0}.Release|Any CPU.ActiveCfg = Release|Any CPU
		{D2238B22-0F61-4833-B65B-0B6A6A6597D0}.Release|Any CPU.Build.0 = Release|Any CPU
		{7366CDBD-1B90-4A70-B0FF-26F3166BBDD5}.Debug|Any CPU.ActiveCfg = Debug|Any CPU
		{7366CDBD-1B90-4A70-B0FF-26F3166BBDD5}.Debug|Any CPU.Build.0 = Debug|Any CPU
		{7366CDBD-1B90-4A70-B0FF-26F3166BBDD5}.Release|Any CPU.ActiveCfg = Release|Any CPU
		{7366CDBD-1B90-4A70-B0FF-26F3166BBDD5}.Release|Any CPU.Build.0 = Release|Any CPU
		{037AF40D-3D33-41D8-8A2F-7DCE793994D3}.Debug|Any CPU.ActiveCfg = Debug|Any CPU
		{037AF40D-3D33-41D8-8A2F-7DCE793994D3}.Debug|Any CPU.Build.0 = Debug|Any CPU
		{037AF40D-3D33-41D8-8A2F-7DCE793994D3}.Release|Any CPU.ActiveCfg = Release|Any CPU
		{037AF40D-3D33-41D8-8A2F-7DCE793994D3}.Release|Any CPU.Build.0 = Release|Any CPU
	EndGlobalSection
	GlobalSection(SolutionProperties) = preSolution
		HideSolutionNode = FALSE
	EndGlobalSection
	GlobalSection(NestedProjects) = preSolution
		{7366CDBD-1B90-4A70-B0FF-26F3166BBDD5} = {D76A11B1-5CE2-4A4D-8EEE-4DD46C2250D7}
		{037AF40D-3D33-41D8-8A2F-7DCE793994D3} = {D76A11B1-5CE2-4A4D-8EEE-4DD46C2250D7}
	EndGlobalSection
	GlobalSection(ExtensibilityGlobals) = postSolution
		SolutionGuid = {9CE04174-CFB3-4DB2-8DA0-F1F9AE81D0AF}
	EndGlobalSection
EndGlobal
